
Microsoft Visual Studio Solution File, Format Version 12.00
# Visual Studio Version 17
VisualStudioVersion = 17.9.34723.18
MinimumVisualStudioVersion = 10.0.40219.1
Project("{FAE04EC0-301F-11D3-BF4B-00C04F79EFBC}") = "CategoriasMVC", "CategoriasMVC\CategoriasMVC.csproj", "{D0454ED1-55E6-4D89-83F9-3E6108B63868}"
EndProject
Global
	GlobalSection(SolutionConfigurationPlatforms) = preSolution
		Debug|Any CPU = Debug|Any CPU
		Release|Any CPU = Release|Any CPU
	EndGlobalSection
	GlobalSection(ProjectConfigurationPlatforms) = postSolution
		{D0454ED1-55E6-4D89-83F9-3E6108B63868}.Debug|Any CPU.ActiveCfg = Debug|Any CPU
		{D0454ED1-55E6-4D89-83F9-3E6108B63868}.Debug|Any CPU.Build.0 = Debug|Any CPU
		{D0454ED1-55E6-4D89-83F9-3E6108B63868}.Release|Any CPU.ActiveCfg = Release|Any CPU
		{D0454ED1-55E6-4D89-83F9-3E6108B63868}.Release|Any CPU.Build.0 = Release|Any CPU
	EndGlobalSection
	GlobalSection(SolutionProperties) = preSolution
		HideSolutionNode = FALSE
	EndGlobalSection
	GlobalSection(ExtensibilityGlobals) = postSolution
		SolutionGuid = {766382BE-81AD-48AB-A416-1BA43AC6EA87}
	EndGlobalSection
EndGlobal
